
Microsoft Visual Studio Solution File, Format Version 12.00
# Visual Studio 14
VisualStudioVersion = 14.0.23107.0
MinimumVisualStudioVersion = 10.0.40219.1
Project("{FAE04EC0-301F-11D3-BF4B-00C04F79EFBC}") = "RedSocial09.Droid", "RedSocial09\RedSocial09.Droid\RedSocial09.Droid.csproj", "{FC8C4ACC-EEB1-43A3-BE1E-C193CAE60D07}"
EndProject
Project("{FAE04EC0-301F-11D3-BF4B-00C04F79EFBC}") = "RedSocial09.iOS", "RedSocial09\RedSocial09.iOS\RedSocial09.iOS.csproj", "{DE4593B5-8656-467E-BAA7-6D1180DC9FB3}"
EndProject
Project("{FAE04EC0-301F-11D3-BF4B-00C04F79EFBC}") = "RedSocial09.WinPhone", "RedSocial09\RedSocial09.WinPhone\RedSocial09.WinPhone.csproj", "{59EFB3DF-B64C-4EAC-8872-D9DF0EEAB2F6}"
EndProject
Project("{FAE04EC0-301F-11D3-BF4B-00C04F79EFBC}") = "RedSocial09", "RedSocial09\RedSocial09\RedSocial09.csproj", "{1E54E4DD-E96E-40D1-A2BB-006252DA7C33}"
EndProject
Project("{FAE04EC0-301F-11D3-BF4B-00C04F79EFBC}") = "MVVMLibrary", "MVVMLibrary\MVVMLibrary.csproj", "{6A9EC8CC-C857-429E-9F5C-704CE8FDCBCB}"
EndProject
Global
	GlobalSection(SolutionConfigurationPlatforms) = preSolution
		Ad-Hoc|Any CPU = Ad-Hoc|Any CPU
		Ad-Hoc|ARM = Ad-Hoc|ARM
		Ad-Hoc|iPhone = Ad-Hoc|iPhone
		Ad-Hoc|iPhoneSimulator = Ad-Hoc|iPhoneSimulator
		Ad-Hoc|x86 = Ad-Hoc|x86
		AppStore|Any CPU = AppStore|Any CPU
		AppStore|ARM = AppStore|ARM
		AppStore|iPhone = AppStore|iPhone
		AppStore|iPhoneSimulator = AppStore|iPhoneSimulator
		AppStore|x86 = AppStore|x86
		Debug|Any CPU = Debug|Any CPU
		Debug|ARM = Debug|ARM
		Debug|iPhone = Debug|iPhone
		Debug|iPhoneSimulator = Debug|iPhoneSimulator
		Debug|x86 = Debug|x86
		Release|Any CPU = Release|Any CPU
		Release|ARM = Release|ARM
		Release|iPhone = Release|iPhone
		Release|iPhoneSimulator = Release|iPhoneSimulator
		Release|x86 = Release|x86
	EndGlobalSection
	GlobalSection(ProjectConfigurationPlatforms) = postSolution
		{FC8C4ACC-EEB1-43A3-BE1E-C193CAE60D07}.Ad-Hoc|Any CPU.ActiveCfg = Release|Any CPU
		{FC8C4ACC-EEB1-43A3-BE1E-C193CAE60D07}.Ad-Hoc|Any CPU.Build.0 = Release|Any CPU
		{FC8C4ACC-EEB1-43A3-BE1E-C193CAE60D07}.Ad-Hoc|Any CPU.Deploy.0 = Release|Any CPU
		{FC8C4ACC-EEB1-43A3-BE1E-C193CAE60D07}.Ad-Hoc|ARM.ActiveCfg = Release|Any CPU
		{FC8C4ACC-EEB1-43A3-BE1E-C193CAE60D07}.Ad-Hoc|ARM.Build.0 = Release|Any CPU
		{FC8C4ACC-EEB1-43A3-BE1E-C193CAE60D07}.Ad-Hoc|ARM.Deploy.0 = Release|Any CPU
		{FC8C4ACC-EEB1-43A3-BE1E-C193CAE60D07}.Ad-Hoc|iPhone.ActiveCfg = Release|Any CPU
		{FC8C4ACC-EEB1-43A3-BE1E-C193CAE60D07}.Ad-Hoc|iPhone.Build.0 = Release|Any CPU
		{FC8C4ACC-EEB1-43A3-BE1E-C193CAE60D07}.Ad-Hoc|iPhone.Deploy.0 = Release|Any CPU
		{FC8C4ACC-EEB1-43A3-BE1E-C193CAE60D07}.Ad-Hoc|iPhoneSimulator.ActiveCfg = Release|Any CPU
		{FC8C4ACC-EEB1-43A3-BE1E-C193CAE60D07}.Ad-Hoc|iPhoneSimulator.Build.0 = Release|Any CPU
		{FC8C4ACC-EEB1-43A3-BE1E-C193CAE60D07}.Ad-Hoc|iPhoneSimulator.Deploy.0 = Release|Any CPU
		{FC8C4ACC-EEB1-43A3-BE1E-C193CAE60D07}.Ad-Hoc|x86.ActiveCfg = Release|Any CPU
		{FC8C4ACC-EEB1-43A3-BE1E-C193CAE60D07}.Ad-Hoc|x86.Build.0 = Release|Any CPU
		{FC8C4ACC-EEB1-43A3-BE1E-C193CAE60D07}.Ad-Hoc|x86.Deploy.0 = Release|Any CPU
		{FC8C4ACC-EEB1-43A3-BE1E-C193CAE60D07}.AppStore|Any CPU.ActiveCfg = Release|Any CPU
		{FC8C4ACC-EEB1-43A3-BE1E-C193CAE60D07}.AppStore|Any CPU.Build.0 = Release|Any CPU
		{FC8C4ACC-EEB1-43A3-BE1E-C193CAE60D07}.AppStore|Any CPU.Deploy.0 = Release|Any CPU
		{FC8C4ACC-EEB1-43A3-BE1E-C193CAE60D07}.AppStore|ARM.ActiveCfg = Release|Any CPU
		{FC8C4ACC-EEB1-43A3-BE1E-C193CAE60D07}.AppStore|ARM.Build.0 = Release|Any CPU
		{FC8C4ACC-EEB1-43A3-BE1E-C193CAE60D07}.AppStore|ARM.Deploy.0 = Release|Any CPU
		{FC8C4ACC-EEB1-43A3-BE1E-C193CAE60D07}.AppStore|iPhone.ActiveCfg = Release|Any CPU
		{FC8C4ACC-EEB1-43A3-BE1E-C193CAE60D07}.AppStore|iPhone.Build.0 = Release|Any CPU
		{FC8C4ACC-EEB1-43A3-BE1E-C193CAE60D07}.AppStore|iPhone.Deploy.0 = Release|Any CPU
		{FC8C4ACC-EEB1-43A3-BE1E-C193CAE60D07}.AppStore|iPhoneSimulator.ActiveCfg = Release|Any CPU
		{FC8C4ACC-EEB1-43A3-BE1E-C193CAE60D07}.AppStore|iPhoneSimulator.Build.0 = Release|Any CPU
		{FC8C4ACC-EEB1-43A3-BE1E-C193CAE60D07}.AppStore|iPhoneSimulator.Deploy.0 = Release|Any CPU
		{FC8C4ACC-EEB1-43A3-BE1E-C193CAE60D07}.AppStore|x86.ActiveCfg = Release|Any CPU
		{FC8C4ACC-EEB1-43A3-BE1E-C193CAE60D07}.AppStore|x86.Build.0 = Release|Any CPU
		{FC8C4ACC-EEB1-43A3-BE1E-C193CAE60D07}.AppStore|x86.Deploy.0 = Release|Any CPU
		{FC8C4ACC-EEB1-43A3-BE1E-C193CAE60D07}.Debug|Any CPU.ActiveCfg = Debug|Any CPU
		{FC8C4ACC-EEB1-43A3-BE1E-C193CAE60D07}.Debug|Any CPU.Build.0 = Debug|Any CPU
		{FC8C4ACC-EEB1-43A3-BE1E-C193CAE60D07}.Debug|Any CPU.Deploy.0 = Debug|Any CPU
		{FC8C4ACC-EEB1-43A3-BE1E-C193CAE60D07}.Debug|ARM.ActiveCfg = Debug|Any CPU
		{FC8C4ACC-EEB1-43A3-BE1E-C193CAE60D07}.Debug|ARM.Build.0 = Debug|Any CPU
		{FC8C4ACC-EEB1-43A3-BE1E-C193CAE60D07}.Debug|ARM.Deploy.0 = Debug|Any CPU
		{FC8C4ACC-EEB1-43A3-BE1E-C193CAE60D07}.Debug|iPhone.ActiveCfg = Debug|Any CPU
		{FC8C4ACC-EEB1-43A3-BE1E-C193CAE60D07}.Debug|iPhone.Build.0 = Debug|Any CPU
		{FC8C4ACC-EEB1-43A3-BE1E-C193CAE60D07}.Debug|iPhone.Deploy.0 = Debug|Any CPU
		{FC8C4ACC-EEB1-43A3-BE1E-C193CAE60D07}.Debug|iPhoneSimulator.ActiveCfg = Debug|Any CPU
		{FC8C4ACC-EEB1-43A3-BE1E-C193CAE60D07}.Debug|iPhoneSimulator.Build.0 = Debug|Any CPU
		{FC8C4ACC-EEB1-43A3-BE1E-C193CAE60D07}.Debug|iPhoneSimulator.Deploy.0 = Debug|Any CPU
		{FC8C4ACC-EEB1-43A3-BE1E-C193CAE60D07}.Debug|x86.ActiveCfg = Debug|Any CPU
		{FC8C4ACC-EEB1-43A3-BE1E-C193CAE60D07}.Debug|x86.Build.0 = Debug|Any CPU
		{FC8C4ACC-EEB1-43A3-BE1E-C193CAE60D07}.Debug|x86.Deploy.0 = Debug|Any CPU
		{FC8C4ACC-EEB1-43A3-BE1E-C193CAE60D07}.Release|Any CPU.ActiveCfg = Release|Any CPU
		{FC8C4ACC-EEB1-43A3-BE1E-C193CAE60D07}.Release|Any CPU.Build.0 = Release|Any CPU
		{FC8C4ACC-EEB1-43A3-BE1E-C193CAE60D07}.Release|Any CPU.Deploy.0 = Release|Any CPU
		{FC8C4ACC-EEB1-43A3-BE1E-C193CAE60D07}.Release|ARM.ActiveCfg = Release|Any CPU
		{FC8C4ACC-EEB1-43A3-BE1E-C193CAE60D07}.Release|ARM.Build.0 = Release|Any CPU
		{FC8C4ACC-EEB1-43A3-BE1E-C193CAE60D07}.Release|ARM.Deploy.0 = Release|Any CPU
		{FC8C4ACC-EEB1-43A3-BE1E-C193CAE60D07}.Release|iPhone.ActiveCfg = Release|Any CPU
		{FC8C4ACC-EEB1-43A3-BE1E-C193CAE60D07}.Release|iPhone.Build.0 = Release|Any CPU
		{FC8C4ACC-EEB1-43A3-BE1E-C193CAE60D07}.Release|iPhone.Deploy.0 = Release|Any CPU
		{FC8C4ACC-EEB1-43A3-BE1E-C193CAE60D07}.Release|iPhoneSimulator.ActiveCfg = Release|Any CPU
		{FC8C4ACC-EEB1-43A3-BE1E-C193CAE60D07}.Release|iPhoneSimulator.Build.0 = Release|Any CPU
		{FC8C4ACC-EEB1-43A3-BE1E-C193CAE60D07}.Release|iPhoneSimulator.Deploy.0 = Release|Any CPU
		{FC8C4ACC-EEB1-43A3-BE1E-C193CAE60D07}.Release|x86.ActiveCfg = Release|Any CPU
		{FC8C4ACC-EEB1-43A3-BE1E-C193CAE60D07}.Release|x86.Build.0 = Release|Any CPU
		{FC8C4ACC-EEB1-43A3-BE1E-C193CAE60D07}.Release|x86.Deploy.0 = Release|Any CPU
		{DE4593B5-8656-467E-BAA7-6D1180DC9FB3}.Ad-Hoc|Any CPU.ActiveCfg = Ad-Hoc|iPhone
		{DE4593B5-8656-467E-BAA7-6D1180DC9FB3}.Ad-Hoc|ARM.ActiveCfg = Ad-Hoc|iPhone
		{DE4593B5-8656-467E-BAA7-6D1180DC9FB3}.Ad-Hoc|iPhone.ActiveCfg = Ad-Hoc|iPhone
		{DE4593B5-8656-467E-BAA7-6D1180DC9FB3}.Ad-Hoc|iPhone.Build.0 = Ad-Hoc|iPhone
		{DE4593B5-8656-467E-BAA7-6D1180DC9FB3}.Ad-Hoc|iPhoneSimulator.ActiveCfg = Ad-Hoc|iPhoneSimulator
		{DE4593B5-8656-467E-BAA7-6D1180DC9FB3}.Ad-Hoc|iPhoneSimulator.Build.0 = Ad-Hoc|iPhoneSimulator
		{DE4593B5-8656-467E-BAA7-6D1180DC9FB3}.Ad-Hoc|x86.ActiveCfg = Ad-Hoc|iPhone
		{DE4593B5-8656-467E-BAA7-6D1180DC9FB3}.AppStore|Any CPU.ActiveCfg = AppStore|iPhone
		{DE4593B5-8656-467E-BAA7-6D1180DC9FB3}.AppStore|ARM.ActiveCfg = AppStore|iPhone
		{DE4593B5-8656-467E-BAA7-6D1180DC9FB3}.AppStore|iPhone.ActiveCfg = AppStore|iPhone
		{DE4593B5-8656-467E-BAA7-6D1180DC9FB3}.AppStore|iPhone.Build.0 = AppStore|iPhone
		{DE4593B5-8656-467E-BAA7-6D1180DC9FB3}.AppStore|iPhoneSimulator.ActiveCfg = AppStore|iPhoneSimulator
		{DE4593B5-8656-467E-BAA7-6D1180DC9FB3}.AppStore|iPhoneSimulator.Build.0 = AppStore|iPhoneSimulator
		{DE4593B5-8656-467E-BAA7-6D1180DC9FB3}.AppStore|x86.ActiveCfg = AppStore|iPhone
		{DE4593B5-8656-467E-BAA7-6D1180DC9FB3}.Debug|Any CPU.ActiveCfg = Debug|iPhone
		{DE4593B5-8656-467E-BAA7-6D1180DC9FB3}.Debug|ARM.ActiveCfg = Debug|iPhone
		{DE4593B5-8656-467E-BAA7-6D1180DC9FB3}.Debug|iPhone.ActiveCfg = Debug|iPhone
		{DE4593B5-8656-467E-BAA7-6D1180DC9FB3}.Debug|iPhone.Build.0 = Debug|iPhone
		{DE4593B5-8656-467E-BAA7-6D1180DC9FB3}.Debug|iPhoneSimulator.ActiveCfg = Debug|iPhoneSimulator
		{DE4593B5-8656-467E-BAA7-6D1180DC9FB3}.Debug|iPhoneSimulator.Build.0 = Debug|iPhoneSimulator
		{DE4593B5-8656-467E-BAA7-6D1180DC9FB3}.Debug|x86.ActiveCfg = Debug|iPhone
		{DE4593B5-8656-467E-BAA7-6D1180DC9FB3}.Release|Any CPU.ActiveCfg = Release|iPhone
		{DE4593B5-8656-467E-BAA7-6D1180DC9FB3}.Release|ARM.ActiveCfg = Release|iPhone
		{DE4593B5-8656-467E-BAA7-6D1180DC9FB3}.Release|iPhone.ActiveCfg = Release|iPhone
		{DE4593B5-8656-467E-BAA7-6D1180DC9FB3}.Release|iPhone.Build.0 = Release|iPhone
		{DE4593B5-8656-467E-BAA7-6D1180DC9FB3}.Release|iPhoneSimulator.ActiveCfg = Release|iPhoneSimulator
		{DE4593B5-8656-467E-BAA7-6D1180DC9FB3}.Release|iPhoneSimulator.Build.0 = Release|iPhoneSimulator
		{DE4593B5-8656-467E-BAA7-6D1180DC9FB3}.Release|x86.ActiveCfg = Release|iPhone
		{59EFB3DF-B64C-4EAC-8872-D9DF0EEAB2F6}.Ad-Hoc|Any CPU.ActiveCfg = Release|Any CPU
		{59EFB3DF-B64C-4EAC-8872-D9DF0EEAB2F6}.Ad-Hoc|Any CPU.Build.0 = Release|Any CPU
		{59EFB3DF-B64C-4EAC-8872-D9DF0EEAB2F6}.Ad-Hoc|Any CPU.Deploy.0 = Release|Any CPU
		{59EFB3DF-B64C-4EAC-8872-D9DF0EEAB2F6}.Ad-Hoc|ARM.ActiveCfg = Release|ARM
		{59EFB3DF-B64C-4EAC-8872-D9DF0EEAB2F6}.Ad-Hoc|ARM.Build.0 = Release|ARM
		{59EFB3DF-B64C-4EAC-8872-D9DF0EEAB2F6}.Ad-Hoc|ARM.Deploy.0 = Release|ARM
		{59EFB3DF-B64C-4EAC-8872-D9DF0EEAB2F6}.Ad-Hoc|iPhone.ActiveCfg = Release|Any CPU
		{59EFB3DF-B64C-4EAC-8872-D9DF0EEAB2F6}.Ad-Hoc|iPhone.Build.0 = Release|Any CPU
		{59EFB3DF-B64C-4EAC-8872-D9DF0EEAB2F6}.Ad-Hoc|iPhone.Deploy.0 = Release|Any CPU
		{59EFB3DF-B64C-4EAC-8872-D9DF0EEAB2F6}.Ad-Hoc|iPhoneSimulator.ActiveCfg = Release|Any CPU
		{59EFB3DF-B64C-4EAC-8872-D9DF0EEAB2F6}.Ad-Hoc|iPhoneSimulator.Build.0 = Release|Any CPU
		{59EFB3DF-B64C-4EAC-8872-D9DF0EEAB2F6}.Ad-Hoc|iPhoneSimulator.Deploy.0 = Release|Any CPU
		{59EFB3DF-B64C-4EAC-8872-D9DF0EEAB2F6}.Ad-Hoc|x86.ActiveCfg = Release|x86
		{59EFB3DF-B64C-4EAC-8872-D9DF0EEAB2F6}.Ad-Hoc|x86.Build.0 = Release|x86
		{59EFB3DF-B64C-4EAC-8872-D9DF0EEAB2F6}.Ad-Hoc|x86.Deploy.0 = Release|x86
		{59EFB3DF-B64C-4EAC-8872-D9DF0EEAB2F6}.AppStore|Any CPU.ActiveCfg = Release|Any CPU
		{59EFB3DF-B64C-4EAC-8872-D9DF0EEAB2F6}.AppStore|Any CPU.Build.0 = Release|Any CPU
		{59EFB3DF-B64C-4EAC-8872-D9DF0EEAB2F6}.AppStore|Any CPU.Deploy.0 = Release|Any CPU
		{59EFB3DF-B64C-4EAC-8872-D9DF0EEAB2F6}.AppStore|ARM.ActiveCfg = Release|ARM
		{59EFB3DF-B64C-4EAC-8872-D9DF0EEAB2F6}.AppStore|ARM.Build.0 = Release|ARM
		{59EFB3DF-B64C-4EAC-8872-D9DF0EEAB2F6}.AppStore|ARM.Deploy.0 = Release|ARM
		{59EFB3DF-B64C-4EAC-8872-D9DF0EEAB2F6}.AppStore|iPhone.ActiveCfg = Release|Any CPU
		{59EFB3DF-B64C-4EAC-8872-D9DF0EEAB2F6}.AppStore|iPhone.Build.0 = Release|Any CPU
		{59EFB3DF-B64C-4EAC-8872-D9DF0EEAB2F6}.AppStore|iPhone.Deploy.0 = Release|Any CPU
		{59EFB3DF-B64C-4EAC-8872-D9DF0EEAB2F6}.AppStore|iPhoneSimulator.ActiveCfg = Release|Any CPU
		{59EFB3DF-B64C-4EAC-8872-D9DF0EEAB2F6}.AppStore|iPhoneSimulator.Build.0 = Release|Any CPU
		{59EFB3DF-B64C-4EAC-8872-D9DF0EEAB2F6}.AppStore|iPhoneSimulator.Deploy.0 = Release|Any CPU
		{59EFB3DF-B64C-4EAC-8872-D9DF0EEAB2F6}.AppStore|x86.ActiveCfg = Release|x86
		{59EFB3DF-B64C-4EAC-8872-D9DF0EEAB2F6}.AppStore|x86.Build.0 = Release|x86
		{59EFB3DF-B64C-4EAC-8872-D9DF0EEAB2F6}.AppStore|x86.Deploy.0 = Release|x86
		{59EFB3DF-B64C-4EAC-8872-D9DF0EEAB2F6}.Debug|Any CPU.ActiveCfg = Debug|Any CPU
		{59EFB3DF-B64C-4EAC-8872-D9DF0EEAB2F6}.Debug|Any CPU.Build.0 = Debug|Any CPU
		{59EFB3DF-B64C-4EAC-8872-D9DF0EEAB2F6}.Debug|Any CPU.Deploy.0 = Debug|Any CPU
		{59EFB3DF-B64C-4EAC-8872-D9DF0EEAB2F6}.Debug|ARM.ActiveCfg = Debug|ARM
		{59EFB3DF-B64C-4EAC-8872-D9DF0EEAB2F6}.Debug|ARM.Build.0 = Debug|ARM
		{59EFB3DF-B64C-4EAC-8872-D9DF0EEAB2F6}.Debug|ARM.Deploy.0 = Debug|ARM
		{59EFB3DF-B64C-4EAC-8872-D9DF0EEAB2F6}.Debug|iPhone.ActiveCfg = Debug|Any CPU
		{59EFB3DF-B64C-4EAC-8872-D9DF0EEAB2F6}.Debug|iPhone.Build.0 = Debug|Any CPU
		{59EFB3DF-B64C-4EAC-8872-D9DF0EEAB2F6}.Debug|iPhone.Deploy.0 = Debug|Any CPU
		{59EFB3DF-B64C-4EAC-8872-D9DF0EEAB2F6}.Debug|iPhoneSimulator.ActiveCfg = Debug|Any CPU
		{59EFB3DF-B64C-4EAC-8872-D9DF0EEAB2F6}.Debug|iPhoneSimulator.Build.0 = Debug|Any CPU
		{59EFB3DF-B64C-4EAC-8872-D9DF0EEAB2F6}.Debug|iPhoneSimulator.Deploy.0 = Debug|Any CPU
		{59EFB3DF-B64C-4EAC-8872-D9DF0EEAB2F6}.Debug|x86.ActiveCfg = Debug|x86
		{59EFB3DF-B64C-4EAC-8872-D9DF0EEAB2F6}.Debug|x86.Build.0 = Debug|x86
		{59EFB3DF-B64C-4EAC-8872-D9DF0EEAB2F6}.Debug|x86.Deploy.0 = Debug|x86
		{59EFB3DF-B64C-4EAC-8872-D9DF0EEAB2F6}.Release|Any CPU.ActiveCfg = Release|Any CPU
		{59EFB3DF-B64C-4EAC-8872-D9DF0EEAB2F6}.Release|Any CPU.Build.0 = Release|Any CPU
		{59EFB3DF-B64C-4EAC-8872-D9DF0EEAB2F6}.Release|Any CPU.Deploy.0 = Release|Any CPU
		{59EFB3DF-B64C-4EAC-8872-D9DF0EEAB2F6}.Release|ARM.ActiveCfg = Release|ARM
		{59EFB3DF-B64C-4EAC-8872-D9DF0EEAB2F6}.Release|ARM.Build.0 = Release|ARM
		{59EFB3DF-B64C-4EAC-8872-D9DF0EEAB2F6}.Release|ARM.Deploy.0 = Release|ARM
		{59EFB3DF-B64C-4EAC-8872-D9DF0EEAB2F6}.Release|iPhone.ActiveCfg = Release|Any CPU
		{59EFB3DF-B64C-4EAC-8872-D9DF0EEAB2F6}.Release|iPhone.Build.0 = Release|Any CPU
		{59EFB3DF-B64C-4EAC-8872-D9DF0EEAB2F6}.Release|iPhone.Deploy.0 = Release|Any CPU
		{59EFB3DF-B64C-4EAC-8872-D9DF0EEAB2F6}.Release|iPhoneSimulator.ActiveCfg = Release|Any CPU
		{59EFB3DF-B64C-4EAC-8872-D9DF0EEAB2F6}.Release|iPhoneSimulator.Build.0 = Release|Any CPU
		{59EFB3DF-B64C-4EAC-8872-D9DF0EEAB2F6}.Release|iPhoneSimulator.Deploy.0 = Release|Any CPU
		{59EFB3DF-B64C-4EAC-8872-D9DF0EEAB2F6}.Release|x86.ActiveCfg = Release|x86
		{59EFB3DF-B64C-4EAC-8872-D9DF0EEAB2F6}.Release|x86.Build.0 = Release|x86
		{59EFB3DF-B64C-4EAC-8872-D9DF0EEAB2F6}.Release|x86.Deploy.0 = Release|x86
		{1E54E4DD-E96E-40D1-A2BB-006252DA7C33}.Ad-Hoc|Any CPU.ActiveCfg = Release|Any CPU
		{1E54E4DD-E96E-40D1-A2BB-006252DA7C33}.Ad-Hoc|Any CPU.Build.0 = Release|Any CPU
		{1E54E4DD-E96E-40D1-A2BB-006252DA7C33}.Ad-Hoc|ARM.ActiveCfg = Release|Any CPU
		{1E54E4DD-E96E-40D1-A2BB-006252DA7C33}.Ad-Hoc|ARM.Build.0 = Release|Any CPU
		{1E54E4DD-E96E-40D1-A2BB-006252DA7C33}.Ad-Hoc|iPhone.ActiveCfg = Release|Any CPU
		{1E54E4DD-E96E-40D1-A2BB-006252DA7C33}.Ad-Hoc|iPhone.Build.0 = Release|Any CPU
		{1E54E4DD-E96E-40D1-A2BB-006252DA7C33}.Ad-Hoc|iPhoneSimulator.ActiveCfg = Release|Any CPU
		{1E54E4DD-E96E-40D1-A2BB-006252DA7C33}.Ad-Hoc|iPhoneSimulator.Build.0 = Release|Any CPU
		{1E54E4DD-E96E-40D1-A2BB-006252DA7C33}.Ad-Hoc|x86.ActiveCfg = Release|Any CPU
		{1E54E4DD-E96E-40D1-A2BB-006252DA7C33}.Ad-Hoc|x86.Build.0 = Release|Any CPU
		{1E54E4DD-E96E-40D1-A2BB-006252DA7C33}.AppStore|Any CPU.ActiveCfg = Release|Any CPU
		{1E54E4DD-E96E-40D1-A2BB-006252DA7C33}.AppStore|Any CPU.Build.0 = Release|Any CPU
		{1E54E4DD-E96E-40D1-A2BB-006252DA7C33}.AppStore|ARM.ActiveCfg = Release|Any CPU
		{1E54E4DD-E96E-40D1-A2BB-006252DA7C33}.AppStore|ARM.Build.0 = Release|Any CPU
		{1E54E4DD-E96E-40D1-A2BB-006252DA7C33}.AppStore|iPhone.ActiveCfg = Release|Any CPU
		{1E54E4DD-E96E-40D1-A2BB-006252DA7C33}.AppStore|iPhone.Build.0 = Release|Any CPU
		{1E54E4DD-E96E-40D1-A2BB-006252DA7C33}.AppStore|iPhoneSimulator.ActiveCfg = Release|Any CPU
		{1E54E4DD-E96E-40D1-A2BB-006252DA7C33}.AppStore|iPhoneSimulator.Build.0 = Release|Any CPU
		{1E54E4DD-E96E-40D1-A2BB-006252DA7C33}.AppStore|x86.ActiveCfg = Release|Any CPU
		{1E54E4DD-E96E-40D1-A2BB-006252DA7C33}.AppStore|x86.Build.0 = Release|Any CPU
		{1E54E4DD-E96E-40D1-A2BB-006252DA7C33}.Debug|Any CPU.ActiveCfg = Debug|Any CPU
		{1E54E4DD-E96E-40D1-A2BB-006252DA7C33}.Debug|Any CPU.Build.0 = Debug|Any CPU
		{1E54E4DD-E96E-40D1-A2BB-006252DA7C33}.Debug|ARM.ActiveCfg = Debug|Any CPU
		{1E54E4DD-E96E-40D1-A2BB-006252DA7C33}.Debug|ARM.Build.0 = Debug|Any CPU
		{1E54E4DD-E96E-40D1-A2BB-006252DA7C33}.Debug|iPhone.ActiveCfg = Debug|Any CPU
		{1E54E4DD-E96E-40D1-A2BB-006252DA7C33}.Debug|iPhone.Build.0 = Debug|Any CPU
		{1E54E4DD-E96E-40D1-A2BB-006252DA7C33}.Debug|iPhoneSimulator.ActiveCfg = Debug|Any CPU
		{1E54E4DD-E96E-40D1-A2BB-006252DA7C33}.Debug|iPhoneSimulator.Build.0 = Debug|Any CPU
		{1E54E4DD-E96E-40D1-A2BB-006252DA7C33}.Debug|x86.ActiveCfg = Debug|Any CPU
		{1E54E4DD-E96E-40D1-A2BB-006252DA7C33}.Debug|x86.Build.0 = Debug|Any CPU
		{1E54E4DD-E96E-40D1-A2BB-006252DA7C33}.Release|Any CPU.ActiveCfg = Release|Any CPU
		{1E54E4DD-E96E-40D1-A2BB-006252DA7C33}.Release|Any CPU.Build.0 = Release|Any CPU
		{1E54E4DD-E96E-40D1-A2BB-006252DA7C33}.Release|ARM.ActiveCfg = Release|Any CPU
		{1E54E4DD-E96E-40D1-A2BB-006252DA7C33}.Release|ARM.Build.0 = Release|Any CPU
		{1E54E4DD-E96E-40D1-A2BB-006252DA7C33}.Release|iPhone.ActiveCfg = Release|Any CPU
		{1E54E4DD-E96E-40D1-A2BB-006252DA7C33}.Release|iPhone.Build.0 = Release|Any CPU
		{1E54E4DD-E96E-40D1-A2BB-006252DA7C33}.Release|iPhoneSimulator.ActiveCfg = Release|Any CPU
		{1E54E4DD-E96E-40D1-A2BB-006252DA7C33}.Release|iPhoneSimulator.Build.0 = Release|Any CPU
		{1E54E4DD-E96E-40D1-A2BB-006252DA7C33}.Release|x86.ActiveCfg = Release|Any CPU
		{1E54E4DD-E96E-40D1-A2BB-006252DA7C33}.Release|x86.Build.0 = Release|Any CPU
		{6A9EC8CC-C857-429E-9F5C-704CE8FDCBCB}.Ad-Hoc|Any CPU.ActiveCfg = Release|Any CPU
		{6A9EC8CC-C857-429E-9F5C-704CE8FDCBCB}.Ad-Hoc|Any CPU.Build.0 = Release|Any CPU
		{6A9EC8CC-C857-429E-9F5C-704CE8FDCBCB}.Ad-Hoc|ARM.ActiveCfg = Release|Any CPU
		{6A9EC8CC-C857-429E-9F5C-704CE8FDCBCB}.Ad-Hoc|ARM.Build.0 = Release|Any CPU
		{6A9EC8CC-C857-429E-9F5C-704CE8FDCBCB}.Ad-Hoc|iPhone.ActiveCfg = Release|Any CPU
		{6A9EC8CC-C857-429E-9F5C-704CE8FDCBCB}.Ad-Hoc|iPhone.Build.0 = Release|Any CPU
		{6A9EC8CC-C857-429E-9F5C-704CE8FDCBCB}.Ad-Hoc|iPhoneSimulator.ActiveCfg = Release|Any CPU
		{6A9EC8CC-C857-429E-9F5C-704CE8FDCBCB}.Ad-Hoc|iPhoneSimulator.Build.0 = Release|Any CPU
		{6A9EC8CC-C857-429E-9F5C-704CE8FDCBCB}.Ad-Hoc|x86.ActiveCfg = Release|Any CPU
		{6A9EC8CC-C857-429E-9F5C-704CE8FDCBCB}.Ad-Hoc|x86.Build.0 = Release|Any CPU
		{6A9EC8CC-C857-429E-9F5C-704CE8FDCBCB}.AppStore|Any CPU.ActiveCfg = Release|Any CPU
		{6A9EC8CC-C857-429E-9F5C-704CE8FDCBCB}.AppStore|Any CPU.Build.0 = Release|Any CPU
		{6A9EC8CC-C857-429E-9F5C-704CE8FDCBCB}.AppStore|ARM.ActiveCfg = Release|Any CPU
		{6A9EC8CC-C857-429E-9F5C-704CE8FDCBCB}.AppStore|ARM.Build.0 = Release|Any CPU
		{6A9EC8CC-C857-429E-9F5C-704CE8FDCBCB}.AppStore|iPhone.ActiveCfg = Release|Any CPU
		{6A9EC8CC-C857-429E-9F5C-704CE8FDCBCB}.AppStore|iPhone.Build.0 = Release|Any CPU
		{6A9EC8CC-C857-429E-9F5C-704CE8FDCBCB}.AppStore|iPhoneSimulator.ActiveCfg = Release|Any CPU
		{6A9EC8CC-C857-429E-9F5C-704CE8FDCBCB}.AppStore|iPhoneSimulator.Build.0 = Release|Any CPU
		{6A9EC8CC-C857-429E-9F5C-704CE8FDCBCB}.AppStore|x86.ActiveCfg = Release|Any CPU
		{6A9EC8CC-C857-429E-9F5C-704CE8FDCBCB}.AppStore|x86.Build.0 = Release|Any CPU
		{6A9EC8CC-C857-429E-9F5C-704CE8FDCBCB}.Debug|Any CPU.ActiveCfg = Debug|Any CPU
		{6A9EC8CC-C857-429E-9F5C-704CE8FDCBCB}.Debug|Any CPU.Build.0 = Debug|Any CPU
		{6A9EC8CC-C857-429E-9F5C-704CE8FDCBCB}.Debug|ARM.ActiveCfg = Debug|Any CPU
		{6A9EC8CC-C857-429E-9F5C-704CE8FDCBCB}.Debug|ARM.Build.0 = Debug|Any CPU
		{6A9EC8CC-C857-429E-9F5C-704CE8FDCBCB}.Debug|iPhone.ActiveCfg = Debug|Any CPU
		{6A9EC8CC-C857-429E-9F5C-704CE8FDCBCB}.Debug|iPhone.Build.0 = Debug|Any CPU
		{6A9EC8CC-C857-429E-9F5C-704CE8FDCBCB}.Debug|iPhoneSimulator.ActiveCfg = Debug|Any CPU
		{6A9EC8CC-C857-429E-9F5C-704CE8FDCBCB}.Debug|iPhoneSimulator.Build.0 = Debug|Any CPU
		{6A9EC8CC-C857-429E-9F5C-704CE8FDCBCB}.Debug|x86.ActiveCfg = Debug|Any CPU
		{6A9EC8CC-C857-429E-9F5C-704CE8FDCBCB}.Debug|x86.Build.0 = Debug|Any CPU
		{6A9EC8CC-C857-429E-9F5C-704CE8FDCBCB}.Release|Any CPU.ActiveCfg = Release|Any CPU
		{6A9EC8CC-C857-429E-9F5C-704CE8FDCBCB}.Release|Any CPU.Build.0 = Release|Any CPU
		{6A9EC8CC-C857-429E-9F5C-704CE8FDCBCB}.Release|ARM.ActiveCfg = Release|Any CPU
		{6A9EC8CC-C857-429E-9F5C-704CE8FDCBCB}.Release|ARM.Build.0 = Release|Any CPU
		{6A9EC8CC-C857-429E-9F5C-704CE8FDCBCB}.Release|iPhone.ActiveCfg = Release|Any CPU
		{6A9EC8CC-C857-429E-9F5C-704CE8FDCBCB}.Release|iPhone.Build.0 = Release|Any CPU
		{6A9EC8CC-C857-429E-9F5C-704CE8FDCBCB}.Release|iPhoneSimulator.ActiveCfg = Release|Any CPU
		{6A9EC8CC-C857-429E-9F5C-704CE8FDCBCB}.Release|iPhoneSimulator.Build.0 = Release|Any CPU
		{6A9EC8CC-C857-429E-9F5C-704CE8FDCBCB}.Release|x86.ActiveCfg = Release|Any CPU
		{6A9EC8CC-C857-429E-9F5C-704CE8FDCBCB}.Release|x86.Build.0 = Release|Any CPU
	EndGlobalSection
	GlobalSection(SolutionProperties) = preSolution
		HideSolutionNode = FALSE
	EndGlobalSection
EndGlobal
